// !$*UTF8*$!
{
	archiveVersion = 1;
	classes = {
	};
	objectVersion = 56;
	objects = {

/* Begin PBXBuildFile section */
		0FE7B3CC2B8399F700567891 /* FlashApp.swift in Sources */ = {isa = PBXBuildFile; fileRef = 0FE7B3CB2B8399F700567891 /* FlashApp.swift */; };
		0FE7B3CE2B8399F700567891 /* ContentView.swift in Sources */ = {isa = PBXBuildFile; fileRef = 0FE7B3CD2B8399F700567891 /* ContentView.swift */; };
		0FE7B3D02B8399F700567891 /* Item.swift in Sources */ = {isa = PBXBuildFile; fileRef = 0FE7B3CF2B8399F700567891 /* Item.swift */; };
		0FE7B3D22B8399F800567891 /* Assets.xcassets in Resources */ = {isa = PBXBuildFile; fileRef = 0FE7B3D12B8399F800567891 /* Assets.xcassets */; };
		0FE7B3D52B8399F800567891 /* Preview Assets.xcassets in Resources */ = {isa = PBXBuildFile; fileRef = 0FE7B3D42B8399F800567891 /* Preview Assets.xcassets */; };
		0FE7B3E12B8399F800567891 /* FlashTests.swift in Sources */ = {isa = PBXBuildFile; fileRef = 0FE7B3E02B8399F800567891 /* FlashTests.swift */; };
		0FE7B3EB2B8399F900567891 /* FlashUITests.swift in Sources */ = {isa = PBXBuildFile; fileRef = 0FE7B3EA2B8399F900567891 /* FlashUITests.swift */; };
		0FE7B3ED2B8399F900567891 /* FlashUITestsLaunchTests.swift in Sources */ = {isa = PBXBuildFile; fileRef = 0FE7B3EC2B8399F900567891 /* FlashUITestsLaunchTests.swift */; };
		0FE7B3FA2B839A6400567891 /* TabView.swift in Sources */ = {isa = PBXBuildFile; fileRef = 0FE7B3F92B839A6400567891 /* TabView.swift */; };
/* End PBXBuildFile section */

/* Begin PBXContainerItemProxy section */
		0FE7B3DD2B8399F800567891 /* PBXContainerItemProxy */ = {
			isa = PBXContainerItemProxy;
			containerPortal = 0FE7B3C02B8399F700567891 /* Project object */;
			proxyType = 1;
			remoteGlobalIDString = 0FE7B3C72B8399F700567891;
			remoteInfo = Flash;
		};
		0FE7B3E72B8399F900567891 /* PBXContainerItemProxy */ = {
			isa = PBXContainerItemProxy;
			containerPortal = 0FE7B3C02B8399F700567891 /* Project object */;
			proxyType = 1;
			remoteGlobalIDString = 0FE7B3C72B8399F700567891;
			remoteInfo = Flash;
		};
/* End PBXContainerItemProxy section */

/* Begin PBXFileReference section */
		0FE7B3C82B8399F700567891 /* Flash.app */ = {isa = PBXFileReference; explicitFileType = wrapper.application; includeInIndex = 0; path = Flash.app; sourceTree = BUILT_PRODUCTS_DIR; };
		0FE7B3CB2B8399F700567891 /* FlashApp.swift */ = {isa = PBXFileReference; lastKnownFileType = sourcecode.swift; path = FlashApp.swift; sourceTree = "<group>"; };
		0FE7B3CD2B8399F700567891 /* ContentView.swift */ = {isa = PBXFileReference; lastKnownFileType = sourcecode.swift; path = ContentView.swift; sourceTree = "<group>"; };
		0FE7B3CF2B8399F700567891 /* Item.swift */ = {isa = PBXFileReference; lastKnownFileType = sourcecode.swift; path = Item.swift; sourceTree = "<group>"; };
		0FE7B3D12B8399F800567891 /* Assets.xcassets */ = {isa = PBXFileReference; lastKnownFileType = folder.assetcatalog; path = Assets.xcassets; sourceTree = "<group>"; };
		0FE7B3D42B8399F800567891 /* Preview Assets.xcassets */ = {isa = PBXFileReference; lastKnownFileType = folder.assetcatalog; path = "Preview Assets.xcassets"; sourceTree = "<group>"; };
		0FE7B3D62B8399F800567891 /* Flash.entitlements */ = {isa = PBXFileReference; lastKnownFileType = text.plist.entitlements; path = Flash.entitlements; sourceTree = "<group>"; };
		0FE7B3D72B8399F800567891 /* Info.plist */ = {isa = PBXFileReference; lastKnownFileType = text.plist.xml; path = Info.plist; sourceTree = "<group>"; };
		0FE7B3DC2B8399F800567891 /* FlashTests.xctest */ = {isa = PBXFileReference; explicitFileType = wrapper.cfbundle; includeInIndex = 0; path = FlashTests.xctest; sourceTree = BUILT_PRODUCTS_DIR; };
		0FE7B3E02B8399F800567891 /* FlashTests.swift */ = {isa = PBXFileReference; lastKnownFileType = sourcecode.swift; path = FlashTests.swift; sourceTree = "<group>"; };
		0FE7B3E62B8399F900567891 /* FlashUITests.xctest */ = {isa = PBXFileReference; explicitFileType = wrapper.cfbundle; includeInIndex = 0; path = FlashUITests.xctest; sourceTree = BUILT_PRODUCTS_DIR; };
		0FE7B3EA2B8399F900567891 /* FlashUITests.swift */ = {isa = PBXFileReference; lastKnownFileType = sourcecode.swift; path = FlashUITests.swift; sourceTree = "<group>"; };
		0FE7B3EC2B8399F900567891 /* FlashUITestsLaunchTests.swift */ = {isa = PBXFileReference; lastKnownFileType = sourcecode.swift; path = FlashUITestsLaunchTests.swift; sourceTree = "<group>"; };
		0FE7B3F92B839A6400567891 /* TabView.swift */ = {isa = PBXFileReference; lastKnownFileType = sourcecode.swift; path = TabView.swift; sourceTree = "<group>"; };
/* End PBXFileReference section */

/* Begin PBXFrameworksBuildPhase section */
		0FE7B3C52B8399F700567891 /* Frameworks */ = {
			isa = PBXFrameworksBuildPhase;
			buildActionMask = 2147483647;
			files = (
			);
			runOnlyForDeploymentPostprocessing = 0;
		};
		0FE7B3D92B8399F800567891 /* Frameworks */ = {
			isa = PBXFrameworksBuildPhase;
			buildActionMask = 2147483647;
			files = (
			);
			runOnlyForDeploymentPostprocessing = 0;
		};
		0FE7B3E32B8399F900567891 /* Frameworks */ = {
			isa = PBXFrameworksBuildPhase;
			buildActionMask = 2147483647;
			files = (
			);
			runOnlyForDeploymentPostprocessing = 0;
		};
/* End PBXFrameworksBuildPhase section */

/* Begin PBXGroup section */
		0FE7B3BF2B8399F700567891 = {
			isa = PBXGroup;
			children = (
				0FE7B3CA2B8399F700567891 /* Flash */,
				0FE7B3DF2B8399F800567891 /* FlashTests */,
				0FE7B3E92B8399F900567891 /* FlashUITests */,
				0FE7B3C92B8399F700567891 /* Products */,
			);
			sourceTree = "<group>";
		};
		0FE7B3C92B8399F700567891 /* Products */ = {
			isa = PBXGroup;
			children = (
				0FE7B3C82B8399F700567891 /* Flash.app */,
				0FE7B3DC2B8399F800567891 /* FlashTests.xctest */,
				0FE7B3E62B8399F900567891 /* FlashUITests.xctest */,
			);
			name = Products;
			sourceTree = "<group>";
		};
		0FE7B3CA2B8399F700567891 /* Flash */ = {
			isa = PBXGroup;
			children = (
				0FE7B3F92B839A6400567891 /* TabView.swift */,
				0FE7B3CB2B8399F700567891 /* FlashApp.swift */,
				0FE7B3CD2B8399F700567891 /* ContentView.swift */,
				0FE7B3CF2B8399F700567891 /* Item.swift */,
				0FE7B3D12B8399F800567891 /* Assets.xcassets */,
				0FE7B3D62B8399F800567891 /* Flash.entitlements */,
				0FE7B3D72B8399F800567891 /* Info.plist */,
				0FE7B3D32B8399F800567891 /* Preview Content */,
			);
			path = Flash;
			sourceTree = "<group>";
		};
		0FE7B3D32B8399F800567891 /* Preview Content */ = {
			isa = PBXGroup;
			children = (
				0FE7B3D42B8399F800567891 /* Preview Assets.xcassets */,
			);
			path = "Preview Content";
			sourceTree = "<group>";
		};
		0FE7B3DF2B8399F800567891 /* FlashTests */ = {
			isa = PBXGroup;
			children = (
				0FE7B3E02B8399F800567891 /* FlashTests.swift */,
			);
			path = FlashTests;
			sourceTree = "<group>";
		};
		0FE7B3E92B8399F900567891 /* FlashUITests */ = {
			isa = PBXGroup;
			children = (
				0FE7B3EA2B8399F900567891 /* FlashUITests.swift */,
				0FE7B3EC2B8399F900567891 /* FlashUITestsLaunchTests.swift */,
			);
			path = FlashUITests;
			sourceTree = "<group>";
		};
/* End PBXGroup section */

/* Begin PBXNativeTarget section */
		0FE7B3C72B8399F700567891 /* Flash */ = {
			isa = PBXNativeTarget;
			buildConfigurationList = 0FE7B3F02B8399F900567891 /* Build configuration list for PBXNativeTarget "Flash" */;
			buildPhases = (
				0FE7B3C42B8399F700567891 /* Sources */,
				0FE7B3C52B8399F700567891 /* Frameworks */,
				0FE7B3C62B8399F700567891 /* Resources */,
			);
			buildRules = (
			);
			dependencies = (
			);
			name = Flash;
			productName = Flash;
			productReference = 0FE7B3C82B8399F700567891 /* Flash.app */;
			productType = "com.apple.product-type.application";
		};
		0FE7B3DB2B8399F800567891 /* FlashTests */ = {
			isa = PBXNativeTarget;
			buildConfigurationList = 0FE7B3F32B8399F900567891 /* Build configuration list for PBXNativeTarget "FlashTests" */;
			buildPhases = (
				0FE7B3D82B8399F800567891 /* Sources */,
				0FE7B3D92B8399F800567891 /* Frameworks */,
				0FE7B3DA2B8399F800567891 /* Resources */,
			);
			buildRules = (
			);
			dependencies = (
				0FE7B3DE2B8399F800567891 /* PBXTargetDependency */,
			);
			name = FlashTests;
			productName = FlashTests;
			productReference = 0FE7B3DC2B8399F800567891 /* FlashTests.xctest */;
			productType = "com.apple.product-type.bundle.unit-test";
		};
		0FE7B3E52B8399F900567891 /* FlashUITests */ = {
			isa = PBXNativeTarget;
			buildConfigurationList = 0FE7B3F62B8399F900567891 /* Build configuration list for PBXNativeTarget "FlashUITests" */;
			buildPhases = (
				0FE7B3E22B8399F900567891 /* Sources */,
				0FE7B3E32B8399F900567891 /* Frameworks */,
				0FE7B3E42B8399F900567891 /* Resources */,
			);
			buildRules = (
			);
			dependencies = (
				0FE7B3E82B8399F900567891 /* PBXTargetDependency */,
			);
			name = FlashUITests;
			productName = FlashUITests;
			productReference = 0FE7B3E62B8399F900567891 /* FlashUITests.xctest */;
			productType = "com.apple.product-type.bundle.ui-testing";
		};
/* End PBXNativeTarget section */

/* Begin PBXProject section */
		0FE7B3C02B8399F700567891 /* Project object */ = {
			isa = PBXProject;
			attributes = {
				BuildIndependentTargetsInParallel = 1;
				LastSwiftUpdateCheck = 1520;
				LastUpgradeCheck = 1520;
				TargetAttributes = {
					0FE7B3C72B8399F700567891 = {
						CreatedOnToolsVersion = 15.2;
					};
					0FE7B3DB2B8399F800567891 = {
						CreatedOnToolsVersion = 15.2;
						TestTargetID = 0FE7B3C72B8399F700567891;
					};
					0FE7B3E52B8399F900567891 = {
						CreatedOnToolsVersion = 15.2;
						TestTargetID = 0FE7B3C72B8399F700567891;
					};
				};
			};
			buildConfigurationList = 0FE7B3C32B8399F700567891 /* Build configuration list for PBXProject "Flash" */;
			compatibilityVersion = "Xcode 14.0";
			developmentRegion = en;
			hasScannedForEncodings = 0;
			knownRegions = (
				en,
				Base,
			);
			mainGroup = 0FE7B3BF2B8399F700567891;
			productRefGroup = 0FE7B3C92B8399F700567891 /* Products */;
			projectDirPath = "";
			projectRoot = "";
			targets = (
				0FE7B3C72B8399F700567891 /* Flash */,
				0FE7B3DB2B8399F800567891 /* FlashTests */,
				0FE7B3E52B8399F900567891 /* FlashUITests */,
			);
		};
/* End PBXProject section */

/* Begin PBXResourcesBuildPhase section */
		0FE7B3C62B8399F700567891 /* Resources */ = {
			isa = PBXResourcesBuildPhase;
			buildActionMask = 2147483647;
			files = (
				0FE7B3D52B8399F800567891 /* Preview Assets.xcassets in Resources */,
				0FE7B3D22B8399F800567891 /* Assets.xcassets in Resources */,
			);
			runOnlyForDeploymentPostprocessing = 0;
		};
		0FE7B3DA2B8399F800567891 /* Resources */ = {
			isa = PBXResourcesBuildPhase;
			buildActionMask = 2147483647;
			files = (
			);
			runOnlyForDeploymentPostprocessing = 0;
		};
		0FE7B3E42B8399F900567891 /* Resources */ = {
			isa = PBXResourcesBuildPhase;
			buildActionMask = 2147483647;
			files = (
			);
			runOnlyForDeploymentPostprocessing = 0;
		};
/* End PBXResourcesBuildPhase section */

/* Begin PBXSourcesBuildPhase section */
		0FE7B3C42B8399F700567891 /* Sources */ = {
			isa = PBXSourcesBuildPhase;
			buildActionMask = 2147483647;
			files = (
				0FE7B3CE2B8399F700567891 /* ContentView.swift in Sources */,
				0FE7B3D02B8399F700567891 /* Item.swift in Sources */,
				0FE7B3FA2B839A6400567891 /* TabView.swift in Sources */,
				0FE7B3CC2B8399F700567891 /* FlashApp.swift in Sources */,
			);
			runOnlyForDeploymentPostprocessing = 0;
		};
		0FE7B3D82B8399F800567891 /* Sources */ = {
			isa = PBXSourcesBuildPhase;
			buildActionMask = 2147483647;
			files = (
				0FE7B3E12B8399F800567891 /* FlashTests.swift in Sources */,
			);
			runOnlyForDeploymentPostprocessing = 0;
		};
		0FE7B3E22B8399F900567891 /* Sources */ = {
			isa = PBXSourcesBuildPhase;
			buildActionMask = 2147483647;
			files = (
				0FE7B3EB2B8399F900567891 /* FlashUITests.swift in Sources */,
				0FE7B3ED2B8399F900567891 /* FlashUITestsLaunchTests.swift in Sources */,
			);
			runOnlyForDeploymentPostprocessing = 0;
		};
/* End PBXSourcesBuildPhase section */

/* Begin PBXTargetDependency section */
		0FE7B3DE2B8399F800567891 /* PBXTargetDependency */ = {
			isa = PBXTargetDependency;
			target = 0FE7B3C72B8399F700567891 /* Flash */;
			targetProxy = 0FE7B3DD2B8399F800567891 /* PBXContainerItemProxy */;
		};
		0FE7B3E82B8399F900567891 /* PBXTargetDependency */ = {
			isa = PBXTargetDependency;
			target = 0FE7B3C72B8399F700567891 /* Flash */;
			targetProxy = 0FE7B3E72B8399F900567891 /* PBXContainerItemProxy */;
		};
/* End PBXTargetDependency section */

/* Begin XCBuildConfiguration section */
		0FE7B3EE2B8399F900567891 /* Debug */ = {
			isa = XCBuildConfiguration;
			buildSettings = {
				ALWAYS_SEARCH_USER_PATHS = NO;
				ASSETCATALOG_COMPILER_GENERATE_SWIFT_ASSET_SYMBOL_EXTENSIONS = YES;
				CLANG_ANALYZER_NONNULL = YES;
				CLANG_ANALYZER_NUMBER_OBJECT_CONVERSION = YES_AGGRESSIVE;
				CLANG_CXX_LANGUAGE_STANDARD = "gnu++20";
				CLANG_ENABLE_MODULES = YES;
				CLANG_ENABLE_OBJC_ARC = YES;
				CLANG_ENABLE_OBJC_WEAK = YES;
				CLANG_WARN_BLOCK_CAPTURE_AUTORELEASING = YES;
				CLANG_WARN_BOOL_CONVERSION = YES;
				CLANG_WARN_COMMA = YES;
				CLANG_WARN_CONSTANT_CONVERSION = YES;
				CLANG_WARN_DEPRECATED_OBJC_IMPLEMENTATIONS = YES;
				CLANG_WARN_DIRECT_OBJC_ISA_USAGE = YES_ERROR;
				CLANG_WARN_DOCUMENTATION_COMMENTS = YES;
				CLANG_WARN_EMPTY_BODY = YES;
				CLANG_WARN_ENUM_CONVERSION = YES;
				CLANG_WARN_INFINITE_RECURSION = YES;
				CLANG_WARN_INT_CONVERSION = YES;
				CLANG_WARN_NON_LITERAL_NULL_CONVERSION = YES;
				CLANG_WARN_OBJC_IMPLICIT_RETAIN_SELF = YES;
				CLANG_WARN_OBJC_LITERAL_CONVERSION = YES;
				CLANG_WARN_OBJC_ROOT_CLASS = YES_ERROR;
				CLANG_WARN_QUOTED_INCLUDE_IN_FRAMEWORK_HEADER = YES;
				CLANG_WARN_RANGE_LOOP_ANALYSIS = YES;
				CLANG_WARN_STRICT_PROTOTYPES = YES;
				CLANG_WARN_SUSPICIOUS_MOVE = YES;
				CLANG_WARN_UNGUARDED_AVAILABILITY = YES_AGGRESSIVE;
				CLANG_WARN_UNREACHABLE_CODE = YES;
				CLANG_WARN__DUPLICATE_METHOD_MATCH = YES;
				COPY_PHASE_STRIP = NO;
				DEBUG_INFORMATION_FORMAT = dwarf;
				ENABLE_STRICT_OBJC_MSGSEND = YES;
				ENABLE_TESTABILITY = YES;
				ENABLE_USER_SCRIPT_SANDBOXING = YES;
				GCC_C_LANGUAGE_STANDARD = gnu17;
				GCC_DYNAMIC_NO_PIC = NO;
				GCC_NO_COMMON_BLOCKS = YES;
				GCC_OPTIMIZATION_LEVEL = 0;
				GCC_PREPROCESSOR_DEFINITIONS = (
					"DEBUG=1",
					"$(inherited)",
				);
				GCC_WARN_64_TO_32_BIT_CONVERSION = YES;
				GCC_WARN_ABOUT_RETURN_TYPE = YES_ERROR;
				GCC_WARN_UNDECLARED_SELECTOR = YES;
				GCC_WARN_UNINITIALIZED_AUTOS = YES_AGGRESSIVE;
				GCC_WARN_UNUSED_FUNCTION = YES;
				GCC_WARN_UNUSED_VARIABLE = YES;
				IPHONEOS_DEPLOYMENT_TARGET = 17.2;
				LOCALIZATION_PREFERS_STRING_CATALOGS = YES;
				MTL_ENABLE_DEBUG_INFO = INCLUDE_SOURCE;
				MTL_FAST_MATH = YES;
				ONLY_ACTIVE_ARCH = YES;
				SDKROOT = iphoneos;
				SWIFT_ACTIVE_COMPILATION_CONDITIONS = "DEBUG $(inherited)";
				SWIFT_OPTIMIZATION_LEVEL = "-Onone";
			};
			name = Debug;
		};
		0FE7B3EF2B8399F900567891 /* Release */ = {
			isa = XCBuildConfiguration;
			buildSettings = {
				ALWAYS_SEARCH_USER_PATHS = NO;
				ASSETCATALOG_COMPILER_GENERATE_SWIFT_ASSET_SYMBOL_EXTENSIONS = YES;
				CLANG_ANALYZER_NONNULL = YES;
				CLANG_ANALYZER_NUMBER_OBJECT_CONVERSION = YES_AGGRESSIVE;
				CLANG_CXX_LANGUAGE_STANDARD = "gnu++20";
				CLANG_ENABLE_MODULES = YES;
				CLANG_ENABLE_OBJC_ARC = YES;
				CLANG_ENABLE_OBJC_WEAK = YES;
				CLANG_WARN_BLOCK_CAPTURE_AUTORELEASING = YES;
				CLANG_WARN_BOOL_CONVERSION = YES;
				CLANG_WARN_COMMA = YES;
				CLANG_WARN_CONSTANT_CONVERSION = YES;
				CLANG_WARN_DEPRECATED_OBJC_IMPLEMENTATIONS = YES;
				CLANG_WARN_DIRECT_OBJC_ISA_USAGE = YES_ERROR;
				CLANG_WARN_DOCUMENTATION_COMMENTS = YES;
				CLANG_WARN_EMPTY_BODY = YES;
				CLANG_WARN_ENUM_CONVERSION = YES;
				CLANG_WARN_INFINITE_RECURSION = YES;
				CLANG_WARN_INT_CONVERSION = YES;
				CLANG_WARN_NON_LITERAL_NULL_CONVERSION = YES;
				CLANG_WARN_OBJC_IMPLICIT_RETAIN_SELF = YES;
				CLANG_WARN_OBJC_LITERAL_CONVERSION = YES;
				CLANG_WARN_OBJC_ROOT_CLASS = YES_ERROR;
				CLANG_WARN_QUOTED_INCLUDE_IN_FRAMEWORK_HEADER = YES;
				CLANG_WARN_RANGE_LOOP_ANALYSIS = YES;
				CLANG_WARN_STRICT_PROTOTYPES = YES;
				CLANG_WARN_SUSPICIOUS_MOVE = YES;
				CLANG_WARN_UNGUARDED_AVAILABILITY = YES_AGGRESSIVE;
				CLANG_WARN_UNREACHABLE_CODE = YES;
				CLANG_WARN__DUPLICATE_METHOD_MATCH = YES;
				COPY_PHASE_STRIP = NO;
				DEBUG_INFORMATION_FORMAT = "dwarf-with-dsym";
				ENABLE_NS_ASSERTIONS = NO;
				ENABLE_STRICT_OBJC_MSGSEND = YES;
				ENABLE_USER_SCRIPT_SANDBOXING = YES;
				GCC_C_LANGUAGE_STANDARD = gnu17;
				GCC_NO_COMMON_BLOCKS = YES;
				GCC_WARN_64_TO_32_BIT_CONVERSION = YES;
				GCC_WARN_ABOUT_RETURN_TYPE = YES_ERROR;
				GCC_WARN_UNDECLARED_SELECTOR = YES;
				GCC_WARN_UNINITIALIZED_AUTOS = YES_AGGRESSIVE;
				GCC_WARN_UNUSED_FUNCTION = YES;
				GCC_WARN_UNUSED_VARIABLE = YES;
				IPHONEOS_DEPLOYMENT_TARGET = 17.2;
				LOCALIZATION_PREFERS_STRING_CATALOGS = YES;
				MTL_ENABLE_DEBUG_INFO = NO;
				MTL_FAST_MATH = YES;
				SDKROOT = iphoneos;
				SWIFT_COMPILATION_MODE = wholemodule;
				VALIDATE_PRODUCT = YES;
			};
			name = Release;
		};
		0FE7B3F12B8399F900567891 /* Debug */ = {
			isa = XCBuildConfiguration;
			buildSettings = {
				ASSETCATALOG_COMPILER_APPICON_NAME = AppIcon;
				ASSETCATALOG_COMPILER_GLOBAL_ACCENT_COLOR_NAME = AccentColor;
				CODE_SIGN_ENTITLEMENTS = Flash/Flash.entitlements;
				CODE_SIGN_STYLE = Automatic;
				CURRENT_PROJECT_VERSION = 1;
				DEVELOPMENT_ASSET_PATHS = "\"Flash/Preview Content\"";
				DEVELOPMENT_TEAM = B8U34DGQ55;
				ENABLE_PREVIEWS = YES;
				GENERATE_INFOPLIST_FILE = YES;
				INFOPLIST_FILE = Flash/Info.plist;
				INFOPLIST_KEY_UIApplicationSceneManifest_Generation = YES;
				INFOPLIST_KEY_UIApplicationSupportsIndirectInputEvents = YES;
				INFOPLIST_KEY_UILaunchScreen_Generation = YES;
				INFOPLIST_KEY_UISupportedInterfaceOrientations_iPad = "UIInterfaceOrientationPortrait UIInterfaceOrientationPortraitUpsideDown UIInterfaceOrientationLandscapeLeft UIInterfaceOrientationLandscapeRight";
				INFOPLIST_KEY_UISupportedInterfaceOrientations_iPhone = "UIInterfaceOrientationPortrait UIInterfaceOrientationLandscapeLeft UIInterfaceOrientationLandscapeRight";
				LD_RUNPATH_SEARCH_PATHS = (
					"$(inherited)",
					"@executable_path/Frameworks",
				);
				MARKETING_VERSION = 1.0;
				PRODUCT_BUNDLE_IDENTIFIER = com.your.fsiq.Flash;
				PRODUCT_NAME = "$(TARGET_NAME)";
				SWIFT_EMIT_LOC_STRINGS = YES;
				SWIFT_VERSION = 5.0;
				TARGETED_DEVICE_FAMILY = "1,2";
			};
			name = Debug;
		};
		0FE7B3F22B8399F900567891 /* Release */ = {
			isa = XCBuildConfiguration;
			buildSettings = {
				ASSETCATALOG_COMPILER_APPICON_NAME = AppIcon;
				ASSETCATALOG_COMPILER_GLOBAL_ACCENT_COLOR_NAME = AccentColor;
				CODE_SIGN_ENTITLEMENTS = Flash/Flash.entitlements;
				CODE_SIGN_STYLE = Automatic;
				CURRENT_PROJECT_VERSION = 1;
				DEVELOPMENT_ASSET_PATHS = "\"Flash/Preview Content\"";
				DEVELOPMENT_TEAM = B8U34DGQ55;
				ENABLE_PREVIEWS = YES;
				GENERATE_INFOPLIST_FILE = YES;
				INFOPLIST_FILE = Flash/Info.plist;
				INFOPLIST_KEY_UIApplicationSceneManifest_Generation = YES;
				INFOPLIST_KEY_UIApplicationSupportsIndirectInputEvents = YES;
				INFOPLIST_KEY_UILaunchScreen_Generation = YES;
				INFOPLIST_KEY_UISupportedInterfaceOrientations_iPad = "UIInterfaceOrientationPortrait UIInterfaceOrientationPortraitUpsideDown UIInterfaceOrientationLandscapeLeft UIInterfaceOrientationLandscapeRight";
				INFOPLIST_KEY_UISupportedInterfaceOrientations_iPhone = "UIInterfaceOrientationPortrait UIInterfaceOrientationLandscapeLeft UIInterfaceOrientationLandscapeRight";
				LD_RUNPATH_SEARCH_PATHS = (
					"$(inherited)",
					"@executable_path/Frameworks",
				);
				MARKETING_VERSION = 1.0;
				PRODUCT_BUNDLE_IDENTIFIER = com.your.fsiq.Flash;
				PRODUCT_NAME = "$(TARGET_NAME)";
				SWIFT_EMIT_LOC_STRINGS = YES;
				SWIFT_VERSION = 5.0;
				TARGETED_DEVICE_FAMILY = "1,2";
			};
			name = Release;
		};
		0FE7B3F42B8399F900567891 /* Debug */ = {
			isa = XCBuildConfiguration;
			buildSettings = {
				ALWAYS_EMBED_SWIFT_STANDARD_LIBRARIES = YES;
				BUNDLE_LOADER = "$(TEST_HOST)";
				CODE_SIGN_STYLE = Automatic;
				CURRENT_PROJECT_VERSION = 1;
				DEVELOPMENT_TEAM = B8U34DGQ55;
				GENERATE_INFOPLIST_FILE = YES;
				IPHONEOS_DEPLOYMENT_TARGET = 17.2;
				MARKETING_VERSION = 1.0;
				PRODUCT_BUNDLE_IDENTIFIER = com.your.fsiq.FlashTests;
				PRODUCT_NAME = "$(TARGET_NAME)";
				SWIFT_EMIT_LOC_STRINGS = NO;
				SWIFT_VERSION = 5.0;
				TARGETED_DEVICE_FAMILY = "1,2";
				TEST_HOST = "$(BUILT_PRODUCTS_DIR)/Flash.app/$(BUNDLE_EXECUTABLE_FOLDER_PATH)/Flash";
			};
			name = Debug;
		};
		0FE7B3F52B8399F900567891 /* Release */ = {
			isa = XCBuildConfiguration;
			buildSettings = {
				ALWAYS_EMBED_SWIFT_STANDARD_LIBRARIES = YES;
				BUNDLE_LOADER = "$(TEST_HOST)";
				CODE_SIGN_STYLE = Automatic;
				CURRENT_PROJECT_VERSION = 1;
				DEVELOPMENT_TEAM = B8U34DGQ55;
				GENERATE_INFOPLIST_FILE = YES;
				IPHONEOS_DEPLOYMENT_TARGET = 17.2;
				MARKETING_VERSION = 1.0;
				PRODUCT_BUNDLE_IDENTIFIER = com.your.fsiq.FlashTests;
				PRODUCT_NAME = "$(TARGET_NAME)";
				SWIFT_EMIT_LOC_STRINGS = NO;
				SWIFT_VERSION = 5.0;
				TARGETED_DEVICE_FAMILY = "1,2";
				TEST_HOST = "$(BUILT_PRODUCTS_DIR)/Flash.app/$(BUNDLE_EXECUTABLE_FOLDER_PATH)/Flash";
			};
			name = Release;
		};
		0FE7B3F72B8399F900567891 /* Debug */ = {
			isa = XCBuildConfiguration;
			buildSettings = {
				ALWAYS_EMBED_SWIFT_STANDARD_LIBRARIES = YES;
				CODE_SIGN_STYLE = Automatic;
				CURRENT_PROJECT_VERSION = 1;
				DEVELOPMENT_TEAM = B8U34DGQ55;
				GENERATE_INFOPLIST_FILE = YES;
				MARKETING_VERSION = 1.0;
				PRODUCT_BUNDLE_IDENTIFIER = com.your.fsiq.FlashUITests;
				PRODUCT_NAME = "$(TARGET_NAME)";
				SWIFT_EMIT_LOC_STRINGS = NO;
				SWIFT_VERSION = 5.0;
				TARGETED_DEVICE_FAMILY = "1,2";
				TEST_TARGET_NAME = Flash;
			};
			name = Debug;
		};
		0FE7B3F82B8399F900567891 /* Release */ = {
			isa = XCBuildConfiguration;
			buildSettings = {
				ALWAYS_EMBED_SWIFT_STANDARD_LIBRARIES = YES;
				CODE_SIGN_STYLE = Automatic;
				CURRENT_PROJECT_VERSION = 1;
				DEVELOPMENT_TEAM = B8U34DGQ55;
				GENERATE_INFOPLIST_FILE = YES;
				MARKETING_VERSION = 1.0;
				PRODUCT_BUNDLE_IDENTIFIER = com.your.fsiq.FlashUITests;
				PRODUCT_NAME = "$(TARGET_NAME)";
				SWIFT_EMIT_LOC_STRINGS = NO;
				SWIFT_VERSION = 5.0;
				TARGETED_DEVICE_FAMILY = "1,2";
				TEST_TARGET_NAME = Flash;
			};
			name = Release;
		};
/* End XCBuildConfiguration section */

/* Begin XCConfigurationList section */
		0FE7B3C32B8399F700567891 /* Build configuration list for PBXProject "Flash" */ = {
			isa = XCConfigurationList;
			buildConfigurations = (
				0FE7B3EE2B8399F900567891 /* Debug */,
				0FE7B3EF2B8399F900567891 /* Release */,
			);
			defaultConfigurationIsVisible = 0;
			defaultConfigurationName = Release;
		};
		0FE7B3F02B8399F900567891 /* Build configuration list for PBXNativeTarget "Flash" */ = {
			isa = XCConfigurationList;
			buildConfigurations = (
				0FE7B3F12B8399F900567891 /* Debug */,
				0FE7B3F22B8399F900567891 /* Release */,
			);
			defaultConfigurationIsVisible = 0;
			defaultConfigurationName = Release;
		};
		0FE7B3F32B8399F900567891 /* Build configuration list for PBXNativeTarget "FlashTests" */ = {
			isa = XCConfigurationList;
			buildConfigurations = (
				0FE7B3F42B8399F900567891 /* Debug */,
				0FE7B3F52B8399F900567891 /* Release */,
			);
			defaultConfigurationIsVisible = 0;
			defaultConfigurationName = Release;
		};
		0FE7B3F62B8399F900567891 /* Build configuration list for PBXNativeTarget "FlashUITests" */ = {
			isa = XCConfigurationList;
			buildConfigurations = (
				0FE7B3F72B8399F900567891 /* Debug */,
				0FE7B3F82B8399F900567891 /* Release */,
			);
			defaultConfigurationIsVisible = 0;
			defaultConfigurationName = Release;
		};
/* End XCConfigurationList section */
	};
	rootObject = 0FE7B3C02B8399F700567891 /* Project object */;
}
